// !$*UTF8*$!
{
	archiveVersion = 1;
	classes = {
	};
	objectVersion = 46;
	objects = {

/* Begin PBXBuildFile section */
		DBD963F41CCEE0BD00FD92A6 /* main.swift in Sources */ = {isa = PBXBuildFile; fileRef = DBD963F31CCEE0BD00FD92A6 /* main.swift */; };
		DBD963FB1CCEE58F00FD92A6 /* SWXMLHash.swift in Sources */ = {isa = PBXBuildFile; fileRef = DBD963FA1CCEE58F00FD92A6 /* SWXMLHash.swift */; };
		DBD963FD1CCEEB2E00FD92A6 /* EntityModel.swift in Sources */ = {isa = PBXBuildFile; fileRef = DBD963FC1CCEEB2E00FD92A6 /* EntityModel.swift */; };
		DBD964011CCEEBC100FD92A6 /* AttributeModel.swift in Sources */ = {isa = PBXBuildFile; fileRef = DBD964001CCEEBC100FD92A6 /* AttributeModel.swift */; };
		DBD964031CCEEBD000FD92A6 /* RelationshipModel.swift in Sources */ = {isa = PBXBuildFile; fileRef = DBD964021CCEEBD000FD92A6 /* RelationshipModel.swift */; };
		DBD964051CCEF24C00FD92A6 /* ModelManager.swift in Sources */ = {isa = PBXBuildFile; fileRef = DBD964041CCEF24C00FD92A6 /* ModelManager.swift */; };
		DBD964081CCEFDDB00FD92A6 /* ChangeClassManager.swift in Sources */ = {isa = PBXBuildFile; fileRef = DBD964071CCEFDDB00FD92A6 /* ChangeClassManager.swift */; };
/* End PBXBuildFile section */

/* Begin PBXCopyFilesBuildPhase section */
		DBD963EE1CCEE0BD00FD92A6 /* CopyFiles */ = {
			isa = PBXCopyFilesBuildPhase;
			buildActionMask = 2147483647;
			dstPath = /usr/share/man/man1/;
			dstSubfolderSpec = 0;
			files = (
			);
			runOnlyForDeploymentPostprocessing = 1;
		};
/* End PBXCopyFilesBuildPhase section */

/* Begin PBXFileReference section */
		DBD963F01CCEE0BD00FD92A6 /* FixOptionalEntities */ = {isa = PBXFileReference; explicitFileType = "compiled.mach-o.executable"; includeInIndex = 0; path = FixOptionalEntities; sourceTree = BUILT_PRODUCTS_DIR; };
		DBD963F31CCEE0BD00FD92A6 /* main.swift */ = {isa = PBXFileReference; lastKnownFileType = sourcecode.swift; path = main.swift; sourceTree = "<group>"; };
		DBD963FA1CCEE58F00FD92A6 /* SWXMLHash.swift */ = {isa = PBXFileReference; fileEncoding = 4; lastKnownFileType = sourcecode.swift; path = SWXMLHash.swift; sourceTree = "<group>"; };
		DBD963FC1CCEEB2E00FD92A6 /* EntityModel.swift */ = {isa = PBXFileReference; fileEncoding = 4; lastKnownFileType = sourcecode.swift; path = EntityModel.swift; sourceTree = "<group>"; };
		DBD964001CCEEBC100FD92A6 /* AttributeModel.swift */ = {isa = PBXFileReference; fileEncoding = 4; lastKnownFileType = sourcecode.swift; path = AttributeModel.swift; sourceTree = "<group>"; };
		DBD964021CCEEBD000FD92A6 /* RelationshipModel.swift */ = {isa = PBXFileReference; fileEncoding = 4; lastKnownFileType = sourcecode.swift; path = RelationshipModel.swift; sourceTree = "<group>"; };
		DBD964041CCEF24C00FD92A6 /* ModelManager.swift */ = {isa = PBXFileReference; fileEncoding = 4; lastKnownFileType = sourcecode.swift; path = ModelManager.swift; sourceTree = "<group>"; };
		DBD964071CCEFDDB00FD92A6 /* ChangeClassManager.swift */ = {isa = PBXFileReference; fileEncoding = 4; lastKnownFileType = sourcecode.swift; path = ChangeClassManager.swift; sourceTree = "<group>"; };
/* End PBXFileReference section */

/* Begin PBXFrameworksBuildPhase section */
		DBD963ED1CCEE0BD00FD92A6 /* Frameworks */ = {
			isa = PBXFrameworksBuildPhase;
			buildActionMask = 2147483647;
			files = (
			);
			runOnlyForDeploymentPostprocessing = 0;
		};
/* End PBXFrameworksBuildPhase section */

/* Begin PBXGroup section */
		DBD963E71CCEE0BC00FD92A6 = {
			isa = PBXGroup;
			children = (
				DBD963F21CCEE0BD00FD92A6 /* FixOptionalEntities */,
				DBD963F11CCEE0BD00FD92A6 /* Products */,
			);
			sourceTree = "<group>";
		};
		DBD963F11CCEE0BD00FD92A6 /* Products */ = {
			isa = PBXGroup;
			children = (
				DBD963F01CCEE0BD00FD92A6 /* FixOptionalEntities */,
			);
			name = Products;
			sourceTree = "<group>";
		};
		DBD963F21CCEE0BD00FD92A6 /* FixOptionalEntities */ = {
			isa = PBXGroup;
			children = (
				DBD963F31CCEE0BD00FD92A6 /* main.swift */,
				DBD963FA1CCEE58F00FD92A6 /* SWXMLHash.swift */,
				DBD964061CCEF25500FD92A6 /* Models */,
				DBD964041CCEF24C00FD92A6 /* ModelManager.swift */,
				DBD964071CCEFDDB00FD92A6 /* ChangeClassManager.swift */,
			);
			path = FixOptionalEntities;
			sourceTree = "<group>";
		};
		DBD964061CCEF25500FD92A6 /* Models */ = {
			isa = PBXGroup;
			children = (
				DBD963FC1CCEEB2E00FD92A6 /* EntityModel.swift */,
				DBD964021CCEEBD000FD92A6 /* RelationshipModel.swift */,
				DBD964001CCEEBC100FD92A6 /* AttributeModel.swift */,
			);
			name = Models;
			sourceTree = "<group>";
		};
/* End PBXGroup section */

/* Begin PBXNativeTarget section */
		DBD963EF1CCEE0BD00FD92A6 /* FixOptionalEntities */ = {
			isa = PBXNativeTarget;
			buildConfigurationList = DBD963F71CCEE0BD00FD92A6 /* Build configuration list for PBXNativeTarget "FixOptionalEntities" */;
			buildPhases = (
				DBD963EC1CCEE0BD00FD92A6 /* Sources */,
				DBD963ED1CCEE0BD00FD92A6 /* Frameworks */,
				DBD963EE1CCEE0BD00FD92A6 /* CopyFiles */,
			);
			buildRules = (
			);
			dependencies = (
			);
			name = FixOptionalEntities;
			productName = FixOptionalEntities;
			productReference = DBD963F01CCEE0BD00FD92A6 /* FixOptionalEntities */;
			productType = "com.apple.product-type.tool";
		};
/* End PBXNativeTarget section */

/* Begin PBXProject section */
		DBD963E81CCEE0BC00FD92A6 /* Project object */ = {
			isa = PBXProject;
			attributes = {
				LastSwiftUpdateCheck = 0730;
				LastUpgradeCheck = 0730;
				ORGANIZATIONNAME = mwg;
				TargetAttributes = {
					DBD963EF1CCEE0BD00FD92A6 = {
						CreatedOnToolsVersion = 7.3;
					};
				};
			};
			buildConfigurationList = DBD963EB1CCEE0BC00FD92A6 /* Build configuration list for PBXProject "FixOptionalEntities" */;
			compatibilityVersion = "Xcode 3.2";
			developmentRegion = English;
			hasScannedForEncodings = 0;
			knownRegions = (
				en,
			);
			mainGroup = DBD963E71CCEE0BC00FD92A6;
			productRefGroup = DBD963F11CCEE0BD00FD92A6 /* Products */;
			projectDirPath = "";
			projectRoot = "";
			targets = (
				DBD963EF1CCEE0BD00FD92A6 /* FixOptionalEntities */,
			);
		};
/* End PBXProject section */

/* Begin PBXSourcesBuildPhase section */
		DBD963EC1CCEE0BD00FD92A6 /* Sources */ = {
			isa = PBXSourcesBuildPhase;
			buildActionMask = 2147483647;
			files = (
				DBD964031CCEEBD000FD92A6 /* RelationshipModel.swift in Sources */,
				DBD964011CCEEBC100FD92A6 /* AttributeModel.swift in Sources */,
				DBD963FD1CCEEB2E00FD92A6 /* EntityModel.swift in Sources */,
				DBD963F41CCEE0BD00FD92A6 /* main.swift in Sources */,
				DBD963FB1CCEE58F00FD92A6 /* SWXMLHash.swift in Sources */,
				DBD964081CCEFDDB00FD92A6 /* ChangeClassManager.swift in Sources */,
				DBD964051CCEF24C00FD92A6 /* ModelManager.swift in Sources */,
			);
			runOnlyForDeploymentPostprocessing = 0;
		};
/* End PBXSourcesBuildPhase section */

/* Begin XCBuildConfiguration section */
		DBD963F51CCEE0BD00FD92A6 /* Debug */ = {
			isa = XCBuildConfiguration;
			buildSettings = {
				ALWAYS_SEARCH_USER_PATHS = NO;
				CLANG_ANALYZER_NONNULL = YES;
				CLANG_CXX_LANGUAGE_STANDARD = "gnu++0x";
				CLANG_CXX_LIBRARY = "libc++";
				CLANG_ENABLE_MODULES = YES;
				CLANG_ENABLE_OBJC_ARC = YES;
				CLANG_WARN_BOOL_CONVERSION = YES;
				CLANG_WARN_CONSTANT_CONVERSION = YES;
				CLANG_WARN_DIRECT_OBJC_ISA_USAGE = YES_ERROR;
				CLANG_WARN_EMPTY_BODY = YES;
				CLANG_WARN_ENUM_CONVERSION = YES;
				CLANG_WARN_INT_CONVERSION = YES;
				CLANG_WARN_OBJC_ROOT_CLASS = YES_ERROR;
				CLANG_WARN_UNREACHABLE_CODE = YES;
				CLANG_WARN__DUPLICATE_METHOD_MATCH = YES;
				CODE_SIGN_IDENTITY = "-";
				COPY_PHASE_STRIP = NO;
				DEBUG_INFORMATION_FORMAT = dwarf;
				ENABLE_STRICT_OBJC_MSGSEND = YES;
				ENABLE_TESTABILITY = YES;
				GCC_C_LANGUAGE_STANDARD = gnu99;
				GCC_DYNAMIC_NO_PIC = NO;
				GCC_NO_COMMON_BLOCKS = YES;
				GCC_OPTIMIZATION_LEVEL = 0;
				GCC_PREPROCESSOR_DEFINITIONS = (
					"DEBUG=1",
					"$(inherited)",
				);
				GCC_WARN_64_TO_32_BIT_CONVERSION = YES;
				GCC_WARN_ABOUT_RETURN_TYPE = YES_ERROR;
				GCC_WARN_UNDECLARED_SELECTOR = YES;
				GCC_WARN_UNINITIALIZED_AUTOS = YES_AGGRESSIVE;
				GCC_WARN_UNUSED_FUNCTION = YES;
				GCC_WARN_UNUSED_VARIABLE = YES;
				MACOSX_DEPLOYMENT_TARGET = 10.11;
				MTL_ENABLE_DEBUG_INFO = YES;
				ONLY_ACTIVE_ARCH = YES;
				SDKROOT = macosx;
				SWIFT_OPTIMIZATION_LEVEL = "-Onone";
			};
			name = Debug;
		};
		DBD963F61CCEE0BD00FD92A6 /* Release */ = {
			isa = XCBuildConfiguration;
			buildSettings = {
				ALWAYS_SEARCH_USER_PATHS = NO;
				CLANG_ANALYZER_NONNULL = YES;
				CLANG_CXX_LANGUAGE_STANDARD = "gnu++0x";
				CLANG_CXX_LIBRARY = "libc++";
				CLANG_ENABLE_MODULES = YES;
				CLANG_ENABLE_OBJC_ARC = YES;
				CLANG_WARN_BOOL_CONVERSION = YES;
				CLANG_WARN_CONSTANT_CONVERSION = YES;
				CLANG_WARN_DIRECT_OBJC_ISA_USAGE = YES_ERROR;
				CLANG_WARN_EMPTY_BODY = YES;
				CLANG_WARN_ENUM_CONVERSION = YES;
				CLANG_WARN_INT_CONVERSION = YES;
				CLANG_WARN_OBJC_ROOT_CLASS = YES_ERROR;
				CLANG_WARN_UNREACHABLE_CODE = YES;
				CLANG_WARN__DUPLICATE_METHOD_MATCH = YES;
				CODE_SIGN_IDENTITY = "-";
				COPY_PHASE_STRIP = NO;
				DEBUG_INFORMATION_FORMAT = "dwarf-with-dsym";
				ENABLE_NS_ASSERTIONS = NO;
				ENABLE_STRICT_OBJC_MSGSEND = YES;
				GCC_C_LANGUAGE_STANDARD = gnu99;
				GCC_NO_COMMON_BLOCKS = YES;
				GCC_WARN_64_TO_32_BIT_CONVERSION = YES;
				GCC_WARN_ABOUT_RETURN_TYPE = YES_ERROR;
				GCC_WARN_UNDECLARED_SELECTOR = YES;
				GCC_WARN_UNINITIALIZED_AUTOS = YES_AGGRESSIVE;
				GCC_WARN_UNUSED_FUNCTION = YES;
				GCC_WARN_UNUSED_VARIABLE = YES;
				MACOSX_DEPLOYMENT_TARGET = 10.11;
				MTL_ENABLE_DEBUG_INFO = NO;
				SDKROOT = macosx;
			};
			name = Release;
		};
		DBD963F81CCEE0BD00FD92A6 /* Debug */ = {
			isa = XCBuildConfiguration;
			buildSettings = {
				PRODUCT_NAME = "$(TARGET_NAME)";
			};
			name = Debug;
		};
		DBD963F91CCEE0BD00FD92A6 /* Release */ = {
			isa = XCBuildConfiguration;
			buildSettings = {
				PRODUCT_NAME = "$(TARGET_NAME)";
			};
			name = Release;
		};
/* End XCBuildConfiguration section */

/* Begin XCConfigurationList section */
		DBD963EB1CCEE0BC00FD92A6 /* Build configuration list for PBXProject "FixOptionalEntities" */ = {
			isa = XCConfigurationList;
			buildConfigurations = (
				DBD963F51CCEE0BD00FD92A6 /* Debug */,
				DBD963F61CCEE0BD00FD92A6 /* Release */,
			);
			defaultConfigurationIsVisible = 0;
			defaultConfigurationName = Release;
		};
		DBD963F71CCEE0BD00FD92A6 /* Build configuration list for PBXNativeTarget "FixOptionalEntities" */ = {
			isa = XCConfigurationList;
			buildConfigurations = (
				DBD963F81CCEE0BD00FD92A6 /* Debug */,
				DBD963F91CCEE0BD00FD92A6 /* Release */,
			);
			defaultConfigurationIsVisible = 0;
		};
/* End XCConfigurationList section */
	};
	rootObject = DBD963E81CCEE0BC00FD92A6 /* Project object */;
}
